
Microsoft Visual Studio Solution File, Format Version 12.00
# Visual Studio Version 16
VisualStudioVersion = 16.0.29215.179
MinimumVisualStudioVersion = 10.0.40219.1
Project("{9A19103F-16F7-4668-BE54-9A1E7A4F7556}") = "Lesson3", "Lesson3\Lesson3.csproj", "{B98CF154-9635-4948-BC53-37D059C2C40A}"
EndProject
Project("{9A19103F-16F7-4668-BE54-9A1E7A4F7556}") = "Lesson2", "Lesson2\Lesson2.csproj", "{ED113560-6675-4506-A2FE-BB7112837DF3}"
EndProject
Project("{9A19103F-16F7-4668-BE54-9A1E7A4F7556}") = "PresentationProject", "PresentationProject\PresentationProject.csproj", "{049F8B18-8CF2-46F5-A303-70A91C0A8ED6}"
EndProject
Project("{9A19103F-16F7-4668-BE54-9A1E7A4F7556}") = "Xndir21_36", "Xndir21_36\Xndir21_36.csproj", "{33E35B6A-24C1-4DF7-9A1C-2EAAA8C5FFAD}"
EndProject
Project("{9A19103F-16F7-4668-BE54-9A1E7A4F7556}") = "Lesson_3_1", "Lesson_3_1\Lesson_3_1.csproj", "{5081C08B-8347-48FD-95AF-8B827C16F89B}"
EndProject
Project("{9A19103F-16F7-4668-BE54-9A1E7A4F7556}") = "Xndir51_60", "Xndir51_60\Xndir51_60.csproj", "{5070EB46-72C1-4A0E-BD5D-5F96BF4F1772}"
EndProject
Project("{9A19103F-16F7-4668-BE54-9A1E7A4F7556}") = "Xndir1_15", "Xndir1_15\Xndir1_15.csproj", "{A9E75817-EFB2-4C58-8791-CA74F294C380}"
EndProject
Project("{9A19103F-16F7-4668-BE54-9A1E7A4F7556}") = "ampopich_xndir", "ampopich_xndir\ampopich_xndir.csproj", "{BD6392A3-60B3-4A70-A952-75BF5BB3BA09}"
EndProject
Project("{9A19103F-16F7-4668-BE54-9A1E7A4F7556}") = "arrays_homework", "arrays_homework\arrays_homework.csproj", "{545E500A-1880-4D3B-B7AC-6B6CA3FEB07F}"
EndProject
Project("{9A19103F-16F7-4668-BE54-9A1E7A4F7556}") = "arrays_classwork", "arrays_classwork\arrays_classwork.csproj", "{2D86EB31-FF51-42BA-B4E1-23EC49FAB8AD}"
EndProject
Project("{FAE04EC0-301F-11D3-BF4B-00C04F79EFBC}") = "FormCalculator", "FormCalculator\FormCalculator.csproj", "{B71BBAEA-AD3A-4BA7-B298-5274DDA5AB41}"
EndProject
Project("{FAE04EC0-301F-11D3-BF4B-00C04F79EFBC}") = "LoginForm", "LoginForm\LoginForm.csproj", "{CE324124-FBBC-48EC-BF4F-6F3AC6239197}"
EndProject
Global
	GlobalSection(SolutionConfigurationPlatforms) = preSolution
		Debug|Any CPU = Debug|Any CPU
		Release|Any CPU = Release|Any CPU
	EndGlobalSection
	GlobalSection(ProjectConfigurationPlatforms) = postSolution
		{B98CF154-9635-4948-BC53-37D059C2C40A}.Debug|Any CPU.ActiveCfg = Debug|Any CPU
		{B98CF154-9635-4948-BC53-37D059C2C40A}.Debug|Any CPU.Build.0 = Debug|Any CPU
		{B98CF154-9635-4948-BC53-37D059C2C40A}.Release|Any CPU.ActiveCfg = Release|Any CPU
		{B98CF154-9635-4948-BC53-37D059C2C40A}.Release|Any CPU.Build.0 = Release|Any CPU
		{ED113560-6675-4506-A2FE-BB7112837DF3}.Debug|Any CPU.ActiveCfg = Debug|Any CPU
		{ED113560-6675-4506-A2FE-BB7112837DF3}.Debug|Any CPU.Build.0 = Debug|Any CPU
		{ED113560-6675-4506-A2FE-BB7112837DF3}.Release|Any CPU.ActiveCfg = Release|Any CPU
		{ED113560-6675-4506-A2FE-BB7112837DF3}.Release|Any CPU.Build.0 = Release|Any CPU
		{049F8B18-8CF2-46F5-A303-70A91C0A8ED6}.Debug|Any CPU.ActiveCfg = Debug|Any CPU
		{049F8B18-8CF2-46F5-A303-70A91C0A8ED6}.Debug|Any CPU.Build.0 = Debug|Any CPU
		{049F8B18-8CF2-46F5-A303-70A91C0A8ED6}.Release|Any CPU.ActiveCfg = Release|Any CPU
		{049F8B18-8CF2-46F5-A303-70A91C0A8ED6}.Release|Any CPU.Build.0 = Release|Any CPU
		{33E35B6A-24C1-4DF7-9A1C-2EAAA8C5FFAD}.Debug|Any CPU.ActiveCfg = Debug|Any CPU
		{33E35B6A-24C1-4DF7-9A1C-2EAAA8C5FFAD}.Debug|Any CPU.Build.0 = Debug|Any CPU
		{33E35B6A-24C1-4DF7-9A1C-2EAAA8C5FFAD}.Release|Any CPU.ActiveCfg = Release|Any CPU
		{33E35B6A-24C1-4DF7-9A1C-2EAAA8C5FFAD}.Release|Any CPU.Build.0 = Release|Any CPU
		{5081C08B-8347-48FD-95AF-8B827C16F89B}.Debug|Any CPU.ActiveCfg = Debug|Any CPU
		{5081C08B-8347-48FD-95AF-8B827C16F89B}.Debug|Any CPU.Build.0 = Debug|Any CPU
		{5081C08B-8347-48FD-95AF-8B827C16F89B}.Release|Any CPU.ActiveCfg = Release|Any CPU
		{5081C08B-8347-48FD-95AF-8B827C16F89B}.Release|Any CPU.Build.0 = Release|Any CPU
		{5070EB46-72C1-4A0E-BD5D-5F96BF4F1772}.Debug|Any CPU.ActiveCfg = Debug|Any CPU
		{5070EB46-72C1-4A0E-BD5D-5F96BF4F1772}.Debug|Any CPU.Build.0 = Debug|Any CPU
		{5070EB46-72C1-4A0E-BD5D-5F96BF4F1772}.Release|Any CPU.ActiveCfg = Release|Any CPU
		{5070EB46-72C1-4A0E-BD5D-5F96BF4F1772}.Release|Any CPU.Build.0 = Release|Any CPU
		{A9E75817-EFB2-4C58-8791-CA74F294C380}.Debug|Any CPU.ActiveCfg = Debug|Any CPU
		{A9E75817-EFB2-4C58-8791-CA74F294C380}.Debug|Any CPU.Build.0 = Debug|Any CPU
		{A9E75817-EFB2-4C58-8791-CA74F294C380}.Release|Any CPU.ActiveCfg = Release|Any CPU
		{A9E75817-EFB2-4C58-8791-CA74F294C380}.Release|Any CPU.Build.0 = Release|Any CPU
		{BD6392A3-60B3-4A70-A952-75BF5BB3BA09}.Debug|Any CPU.ActiveCfg = Debug|Any CPU
		{BD6392A3-60B3-4A70-A952-75BF5BB3BA09}.Debug|Any CPU.Build.0 = Debug|Any CPU
		{BD6392A3-60B3-4A70-A952-75BF5BB3BA09}.Release|Any CPU.ActiveCfg = Release|Any CPU
		{BD6392A3-60B3-4A70-A952-75BF5BB3BA09}.Release|Any CPU.Build.0 = Release|Any CPU
		{545E500A-1880-4D3B-B7AC-6B6CA3FEB07F}.Debug|Any CPU.ActiveCfg = Debug|Any CPU
		{545E500A-1880-4D3B-B7AC-6B6CA3FEB07F}.Debug|Any CPU.Build.0 = Debug|Any CPU
		{545E500A-1880-4D3B-B7AC-6B6CA3FEB07F}.Release|Any CPU.ActiveCfg = Release|Any CPU
		{545E500A-1880-4D3B-B7AC-6B6CA3FEB07F}.Release|Any CPU.Build.0 = Release|Any CPU
		{2D86EB31-FF51-42BA-B4E1-23EC49FAB8AD}.Debug|Any CPU.ActiveCfg = Debug|Any CPU
		{2D86EB31-FF51-42BA-B4E1-23EC49FAB8AD}.Debug|Any CPU.Build.0 = Debug|Any CPU
		{2D86EB31-FF51-42BA-B4E1-23EC49FAB8AD}.Release|Any CPU.ActiveCfg = Release|Any CPU
		{2D86EB31-FF51-42BA-B4E1-23EC49FAB8AD}.Release|Any CPU.Build.0 = Release|Any CPU
		{B71BBAEA-AD3A-4BA7-B298-5274DDA5AB41}.Debug|Any CPU.ActiveCfg = Debug|Any CPU
		{B71BBAEA-AD3A-4BA7-B298-5274DDA5AB41}.Debug|Any CPU.Build.0 = Debug|Any CPU
		{B71BBAEA-AD3A-4BA7-B298-5274DDA5AB41}.Release|Any CPU.ActiveCfg = Release|Any CPU
		{B71BBAEA-AD3A-4BA7-B298-5274DDA5AB41}.Release|Any CPU.Build.0 = Release|Any CPU
		{CE324124-FBBC-48EC-BF4F-6F3AC6239197}.Debug|Any CPU.ActiveCfg = Debug|Any CPU
		{CE324124-FBBC-48EC-BF4F-6F3AC6239197}.Debug|Any CPU.Build.0 = Debug|Any CPU
		{CE324124-FBBC-48EC-BF4F-6F3AC6239197}.Release|Any CPU.ActiveCfg = Release|Any CPU
		{CE324124-FBBC-48EC-BF4F-6F3AC6239197}.Release|Any CPU.Build.0 = Release|Any CPU
	EndGlobalSection
	GlobalSection(SolutionProperties) = preSolution
		HideSolutionNode = FALSE
	EndGlobalSection
	GlobalSection(ExtensibilityGlobals) = postSolution
		SolutionGuid = {16EFD9DF-F20A-41E2-ACD6-5673D1370903}
	EndGlobalSection
EndGlobal
